
Microsoft Visual Studio Solution File, Format Version 12.00
# Visual Studio 14
VisualStudioVersion = 14.0.24720.0
MinimumVisualStudioVersion = 10.0.40219.1
Project("{FAE04EC0-301F-11D3-BF4B-00C04F79EFBC}") = "stjernholm.nu.ASMX_Demo", "stjernholm.nu.ASMX_Demo\stjernholm.nu.ASMX_Demo.csproj", "{2DDBEEA5-F58D-4428-99A6-00A0377E752A}"
EndProject
Project("{2150E333-8FDC-42A3-9474-1A3956D46DE8}") = "Laboration_01", "Laboration_01", "{EC860129-1405-458B-8588-8AEA1317FB96}"
EndProject
Project("{2150E333-8FDC-42A3-9474-1A3956D46DE8}") = "Laboration_02", "Laboration_02", "{30D57A2F-FF99-4CFB-B002-006AA340D5D4}"
EndProject
Project("{FAE04EC0-301F-11D3-BF4B-00C04F79EFBC}") = "MyWindowsFormApplication", "MyWindowsFormApplication\MyWindowsFormApplication.csproj", "{A6FDB03C-8AB0-4059-8D49-A19E198B0A6D}"
	ProjectSection(ProjectDependencies) = postProject
		{92901045-F0A6-4823-9E54-A11094F9E22B} = {92901045-F0A6-4823-9E54-A11094F9E22B}
		{46866A4A-61DA-4849-916B-DB17D49CFB13} = {46866A4A-61DA-4849-916B-DB17D49CFB13}
		{3D21C14D-A1F6-417E-8F20-6A051B463986} = {3D21C14D-A1F6-417E-8F20-6A051B463986}
		{9451B658-19A7-42CE-91FC-7AEB3F77F3C2} = {9451B658-19A7-42CE-91FC-7AEB3F77F3C2}
		{54361D79-031A-4F5F-8F64-F1C452F5584B} = {54361D79-031A-4F5F-8F64-F1C452F5584B}
		{2DDBEEA5-F58D-4428-99A6-00A0377E752A} = {2DDBEEA5-F58D-4428-99A6-00A0377E752A}
	EndProjectSection
EndProject
Project("{2150E333-8FDC-42A3-9474-1A3956D46DE8}") = "Uppgift_01", "Uppgift_01", "{D51AE23C-1131-4027-AB6C-E0B4768B3433}"
EndProject
Project("{2150E333-8FDC-42A3-9474-1A3956D46DE8}") = "Uppgift_02", "Uppgift_02", "{DD687942-D7E6-4A6E-9573-194858B0BF29}"
EndProject
Project("{2150E333-8FDC-42A3-9474-1A3956D46DE8}") = "Uppgift_03", "Uppgift_03", "{CE723A2D-4A69-4AEB-8193-E5E0DEF3DB2F}"
EndProject
Project("{2150E333-8FDC-42A3-9474-1A3956D46DE8}") = "Uppgift_04", "Uppgift_04", "{CB1F7ABD-F4AB-4D89-9F53-7F8025E7AC03}"
EndProject
Project("{2150E333-8FDC-42A3-9474-1A3956D46DE8}") = "Uppgift_05", "Uppgift_05", "{DB5D680A-4B16-4EDC-8021-F68DB9592EAD}"
EndProject
Project("{2150E333-8FDC-42A3-9474-1A3956D46DE8}") = "Uppgift_06", "Uppgift_06", "{BF7E0D4D-CAC6-4C74-AADE-55A125F05939}"
EndProject
Project("{FAE04EC0-301F-11D3-BF4B-00C04F79EFBC}") = "AddTwoNumbers_Project", "AddTwoNumbers_Project\AddTwoNumbers_Project.csproj", "{54361D79-031A-4F5F-8F64-F1C452F5584B}"
EndProject
Project("{FAE04EC0-301F-11D3-BF4B-00C04F79EFBC}") = "AddingThreeNumbers", "AddingThreeNumbers\AddingThreeNumbers.csproj", "{92901045-F0A6-4823-9E54-A11094F9E22B}"
EndProject
Project("{FAE04EC0-301F-11D3-BF4B-00C04F79EFBC}") = "SubtractTwoNumbers", "SubtractTwoNumbers\SubtractTwoNumbers.csproj", "{3D21C14D-A1F6-417E-8F20-6A051B463986}"
EndProject
Project("{FAE04EC0-301F-11D3-BF4B-00C04F79EFBC}") = "GetDateFromName", "GetDateFromName\GetDateFromName.csproj", "{9451B658-19A7-42CE-91FC-7AEB3F77F3C2}"
EndProject
Project("{2150E333-8FDC-42A3-9474-1A3956D46DE8}") = "Service01", "Service01", "{E9984390-C1CB-4D4E-979D-1F3C9632043A}"
EndProject
Project("{FAE04EC0-301F-11D3-BF4B-00C04F79EFBC}") = "AmericanWar", "AmericanWar\AmericanWar.csproj", "{46866A4A-61DA-4849-916B-DB17D49CFB13}"
EndProject
Global
	GlobalSection(SolutionConfigurationPlatforms) = preSolution
		Debug|Any CPU = Debug|Any CPU
		Release|Any CPU = Release|Any CPU
	EndGlobalSection
	GlobalSection(ProjectConfigurationPlatforms) = postSolution
		{2DDBEEA5-F58D-4428-99A6-00A0377E752A}.Debug|Any CPU.ActiveCfg = Debug|Any CPU
		{2DDBEEA5-F58D-4428-99A6-00A0377E752A}.Debug|Any CPU.Build.0 = Debug|Any CPU
		{2DDBEEA5-F58D-4428-99A6-00A0377E752A}.Release|Any CPU.ActiveCfg = Release|Any CPU
		{2DDBEEA5-F58D-4428-99A6-00A0377E752A}.Release|Any CPU.Build.0 = Release|Any CPU
		{A6FDB03C-8AB0-4059-8D49-A19E198B0A6D}.Debug|Any CPU.ActiveCfg = Debug|Any CPU
		{A6FDB03C-8AB0-4059-8D49-A19E198B0A6D}.Debug|Any CPU.Build.0 = Debug|Any CPU
		{A6FDB03C-8AB0-4059-8D49-A19E198B0A6D}.Release|Any CPU.ActiveCfg = Release|Any CPU
		{A6FDB03C-8AB0-4059-8D49-A19E198B0A6D}.Release|Any CPU.Build.0 = Release|Any CPU
		{54361D79-031A-4F5F-8F64-F1C452F5584B}.Debug|Any CPU.ActiveCfg = Debug|Any CPU
		{54361D79-031A-4F5F-8F64-F1C452F5584B}.Debug|Any CPU.Build.0 = Debug|Any CPU
		{54361D79-031A-4F5F-8F64-F1C452F5584B}.Release|Any CPU.ActiveCfg = Release|Any CPU
		{54361D79-031A-4F5F-8F64-F1C452F5584B}.Release|Any CPU.Build.0 = Release|Any CPU
		{92901045-F0A6-4823-9E54-A11094F9E22B}.Debug|Any CPU.ActiveCfg = Debug|Any CPU
		{92901045-F0A6-4823-9E54-A11094F9E22B}.Debug|Any CPU.Build.0 = Debug|Any CPU
		{92901045-F0A6-4823-9E54-A11094F9E22B}.Release|Any CPU.ActiveCfg = Release|Any CPU
		{92901045-F0A6-4823-9E54-A11094F9E22B}.Release|Any CPU.Build.0 = Release|Any CPU
		{3D21C14D-A1F6-417E-8F20-6A051B463986}.Debug|Any CPU.ActiveCfg = Debug|Any CPU
		{3D21C14D-A1F6-417E-8F20-6A051B463986}.Debug|Any CPU.Build.0 = Debug|Any CPU
		{3D21C14D-A1F6-417E-8F20-6A051B463986}.Release|Any CPU.ActiveCfg = Release|Any CPU
		{3D21C14D-A1F6-417E-8F20-6A051B463986}.Release|Any CPU.Build.0 = Release|Any CPU
		{9451B658-19A7-42CE-91FC-7AEB3F77F3C2}.Debug|Any CPU.ActiveCfg = Debug|Any CPU
		{9451B658-19A7-42CE-91FC-7AEB3F77F3C2}.Debug|Any CPU.Build.0 = Debug|Any CPU
		{9451B658-19A7-42CE-91FC-7AEB3F77F3C2}.Release|Any CPU.ActiveCfg = Release|Any CPU
		{9451B658-19A7-42CE-91FC-7AEB3F77F3C2}.Release|Any CPU.Build.0 = Release|Any CPU
		{46866A4A-61DA-4849-916B-DB17D49CFB13}.Debug|Any CPU.ActiveCfg = Debug|Any CPU
		{46866A4A-61DA-4849-916B-DB17D49CFB13}.Debug|Any CPU.Build.0 = Debug|Any CPU
		{46866A4A-61DA-4849-916B-DB17D49CFB13}.Release|Any CPU.ActiveCfg = Release|Any CPU
		{46866A4A-61DA-4849-916B-DB17D49CFB13}.Release|Any CPU.Build.0 = Release|Any CPU
	EndGlobalSection
	GlobalSection(SolutionProperties) = preSolution
		HideSolutionNode = FALSE
	EndGlobalSection
	GlobalSection(NestedProjects) = preSolution
		{2DDBEEA5-F58D-4428-99A6-00A0377E752A} = {D51AE23C-1131-4027-AB6C-E0B4768B3433}
		{A6FDB03C-8AB0-4059-8D49-A19E198B0A6D} = {EC860129-1405-458B-8588-8AEA1317FB96}
		{D51AE23C-1131-4027-AB6C-E0B4768B3433} = {EC860129-1405-458B-8588-8AEA1317FB96}
		{DD687942-D7E6-4A6E-9573-194858B0BF29} = {EC860129-1405-458B-8588-8AEA1317FB96}
		{CE723A2D-4A69-4AEB-8193-E5E0DEF3DB2F} = {EC860129-1405-458B-8588-8AEA1317FB96}
		{CB1F7ABD-F4AB-4D89-9F53-7F8025E7AC03} = {EC860129-1405-458B-8588-8AEA1317FB96}
		{DB5D680A-4B16-4EDC-8021-F68DB9592EAD} = {EC860129-1405-458B-8588-8AEA1317FB96}
		{BF7E0D4D-CAC6-4C74-AADE-55A125F05939} = {EC860129-1405-458B-8588-8AEA1317FB96}
		{54361D79-031A-4F5F-8F64-F1C452F5584B} = {DD687942-D7E6-4A6E-9573-194858B0BF29}
		{92901045-F0A6-4823-9E54-A11094F9E22B} = {CE723A2D-4A69-4AEB-8193-E5E0DEF3DB2F}
		{3D21C14D-A1F6-417E-8F20-6A051B463986} = {CB1F7ABD-F4AB-4D89-9F53-7F8025E7AC03}
		{9451B658-19A7-42CE-91FC-7AEB3F77F3C2} = {DB5D680A-4B16-4EDC-8021-F68DB9592EAD}
		{E9984390-C1CB-4D4E-979D-1F3C9632043A} = {BF7E0D4D-CAC6-4C74-AADE-55A125F05939}
		{46866A4A-61DA-4849-916B-DB17D49CFB13} = {E9984390-C1CB-4D4E-979D-1F3C9632043A}
	EndGlobalSection
EndGlobal
